
Microsoft Visual Studio Solution File, Format Version 12.00
# Visual Studio Version 17
VisualStudioVersion = 17.3.32825.248
MinimumVisualStudioVersion = 10.0.40219.1
Project("{8BC9CEB8-8B4A-11D0-8D11-00A0C91BC942}") = "laba1-2.6", "laba1-2.6\laba1-2.6.vcxproj", "{0E4602D9-1FDE-406B-9763-338192A0B990}"
EndProject
Global
	GlobalSection(SolutionConfigurationPlatforms) = preSolution
		Debug|x64 = Debug|x64
		Debug|x86 = Debug|x86
		Release|x64 = Release|x64
		Release|x86 = Release|x86
	EndGlobalSection
	GlobalSection(ProjectConfigurationPlatforms) = postSolution
		{0E4602D9-1FDE-406B-9763-338192A0B990}.Debug|x64.ActiveCfg = Debug|x64
		{0E4602D9-1FDE-406B-9763-338192A0B990}.Debug|x64.Build.0 = Debug|x64
		{0E4602D9-1FDE-406B-9763-338192A0B990}.Debug|x86.ActiveCfg = Debug|Win32
		{0E4602D9-1FDE-406B-9763-338192A0B990}.Debug|x86.Build.0 = Debug|Win32
		{0E4602D9-1FDE-406B-9763-338192A0B990}.Release|x64.ActiveCfg = Release|x64
		{0E4602D9-1FDE-406B-9763-338192A0B990}.Release|x64.Build.0 = Release|x64
		{0E4602D9-1FDE-406B-9763-338192A0B990}.Release|x86.ActiveCfg = Release|Win32
		{0E4602D9-1FDE-406B-9763-338192A0B990}.Release|x86.Build.0 = Release|Win32
	EndGlobalSection
	GlobalSection(SolutionProperties) = preSolution
		HideSolutionNode = FALSE
	EndGlobalSection
	GlobalSection(ExtensibilityGlobals) = postSolution
		SolutionGuid = {B00AA0AA-20AC-4D23-AEB4-88EB9F627082}
	EndGlobalSection
EndGlobal
