
Microsoft Visual Studio Solution File, Format Version 12.00
# Visual Studio Version 17
VisualStudioVersion = 17.3.32825.248
MinimumVisualStudioVersion = 10.0.40219.1
Project("{8BC9CEB8-8B4A-11D0-8D11-00A0C91BC942}") = "laba-3.3.8", "laba-3.3.8\laba-3.3.8.vcxproj", "{DFC07C27-BD8A-4B0E-BBA7-E9844FD9AC53}"
EndProject
Global
	GlobalSection(SolutionConfigurationPlatforms) = preSolution
		Debug|x64 = Debug|x64
		Debug|x86 = Debug|x86
		Release|x64 = Release|x64
		Release|x86 = Release|x86
	EndGlobalSection
	GlobalSection(ProjectConfigurationPlatforms) = postSolution
		{DFC07C27-BD8A-4B0E-BBA7-E9844FD9AC53}.Debug|x64.ActiveCfg = Debug|x64
		{DFC07C27-BD8A-4B0E-BBA7-E9844FD9AC53}.Debug|x64.Build.0 = Debug|x64
		{DFC07C27-BD8A-4B0E-BBA7-E9844FD9AC53}.Debug|x86.ActiveCfg = Debug|Win32
		{DFC07C27-BD8A-4B0E-BBA7-E9844FD9AC53}.Debug|x86.Build.0 = Debug|Win32
		{DFC07C27-BD8A-4B0E-BBA7-E9844FD9AC53}.Release|x64.ActiveCfg = Release|x64
		{DFC07C27-BD8A-4B0E-BBA7-E9844FD9AC53}.Release|x64.Build.0 = Release|x64
		{DFC07C27-BD8A-4B0E-BBA7-E9844FD9AC53}.Release|x86.ActiveCfg = Release|Win32
		{DFC07C27-BD8A-4B0E-BBA7-E9844FD9AC53}.Release|x86.Build.0 = Release|Win32
	EndGlobalSection
	GlobalSection(SolutionProperties) = preSolution
		HideSolutionNode = FALSE
	EndGlobalSection
	GlobalSection(ExtensibilityGlobals) = postSolution
		SolutionGuid = {156F632D-83ED-4FEE-8AFE-E4F152FD6EAA}
	EndGlobalSection
EndGlobal
